
Microsoft Visual Studio Solution File, Format Version 12.00
# Visual Studio Version 17
VisualStudioVersion = 17.14.36603.0
MinimumVisualStudioVersion = 10.0.40219.1
Project("{2150E333-8FDC-42A3-9474-1A3956D46DE8}") = "src", "src", "{02EA681E-C7D8-13C7-8484-4AC65E1B71E8}"
EndProject
Project("{2150E333-8FDC-42A3-9474-1A3956D46DE8}") = "driver", "driver", "{CDA2D474-C960-4F31-995F-24C859BF53F9}"
EndProject
Project("{2150E333-8FDC-42A3-9474-1A3956D46DE8}") = "agent", "agent", "{40138232-6BA4-4E0C-B7B2-E85740CC4686}"
EndProject
Project("{2150E333-8FDC-42A3-9474-1A3956D46DE8}") = "libs", "libs", "{2E687633-DF16-46AC-A0A3-FBE0DE4131BE}"
EndProject
Project("{2150E333-8FDC-42A3-9474-1A3956D46DE8}") = "tests", "tests", "{70954332-86A0-42A6-ADD7-19FC3EA71DDF}"
EndProject
Project("{2150E333-8FDC-42A3-9474-1A3956D46DE8}") = "tools", "tools", "{9F9DE14F-BFC7-4AF5-A050-0BADCCDA5326}"
EndProject
Project("{8BC9CEB8-8B4A-11D0-8D11-00A0C91BC942}") = "AnubisDriver", "AnubisDriver\AnubisDriver.vcxproj", "{A6C6E437-8A44-652E-420D-23C078FFEDD9}"
EndProject
Project("{8BC9CEB8-8B4A-11D0-8D11-00A0C91BC942}") = "AnubisAgent", "AnubisAgent\AnubisAgent.vcxproj", "{AD2C381D-E572-4AD3-82F8-C1BE74E5BD8B}"
EndProject
Project("{2150E333-8FDC-42A3-9474-1A3956D46DE8}") = "shared_commons", "shared_commons", "{F186B20B-0974-4AB8-B57A-A93A049D1170}"
	ProjectSection(SolutionItems) = preProject
		shared_commons\shared_commons.h = shared_commons\shared_commons.h
	EndProjectSection
EndProject
Project("{2150E333-8FDC-42A3-9474-1A3956D46DE8}") = "configuration_file", "configuration_file", "{AD1EB6CF-555E-467F-B22C-F350E2C1CC35}"
	ProjectSection(SolutionItems) = preProject
		anubis_config.ini = anubis_config.ini
	EndProjectSection
EndProject
Global
	GlobalSection(SolutionConfigurationPlatforms) = preSolution
		Debug|ARM64 = Debug|ARM64
		Debug|x64 = Debug|x64
		Release|ARM64 = Release|ARM64
		Release|x64 = Release|x64
	EndGlobalSection
	GlobalSection(ProjectConfigurationPlatforms) = postSolution
		{A6C6E437-8A44-652E-420D-23C078FFEDD9}.Debug|ARM64.ActiveCfg = Debug|ARM64
		{A6C6E437-8A44-652E-420D-23C078FFEDD9}.Debug|ARM64.Build.0 = Debug|ARM64
		{A6C6E437-8A44-652E-420D-23C078FFEDD9}.Debug|ARM64.Deploy.0 = Debug|ARM64
		{A6C6E437-8A44-652E-420D-23C078FFEDD9}.Debug|x64.ActiveCfg = Debug|x64
		{A6C6E437-8A44-652E-420D-23C078FFEDD9}.Debug|x64.Build.0 = Debug|x64
		{A6C6E437-8A44-652E-420D-23C078FFEDD9}.Debug|x64.Deploy.0 = Debug|x64
		{A6C6E437-8A44-652E-420D-23C078FFEDD9}.Release|ARM64.ActiveCfg = Release|ARM64
		{A6C6E437-8A44-652E-420D-23C078FFEDD9}.Release|ARM64.Build.0 = Release|ARM64
		{A6C6E437-8A44-652E-420D-23C078FFEDD9}.Release|ARM64.Deploy.0 = Release|ARM64
		{A6C6E437-8A44-652E-420D-23C078FFEDD9}.Release|x64.ActiveCfg = Release|x64
		{A6C6E437-8A44-652E-420D-23C078FFEDD9}.Release|x64.Build.0 = Release|x64
		{A6C6E437-8A44-652E-420D-23C078FFEDD9}.Release|x64.Deploy.0 = Release|x64
		{AD2C381D-E572-4AD3-82F8-C1BE74E5BD8B}.Debug|ARM64.ActiveCfg = Debug|x64
		{AD2C381D-E572-4AD3-82F8-C1BE74E5BD8B}.Debug|ARM64.Build.0 = Debug|x64
		{AD2C381D-E572-4AD3-82F8-C1BE74E5BD8B}.Debug|x64.ActiveCfg = Debug|x64
		{AD2C381D-E572-4AD3-82F8-C1BE74E5BD8B}.Debug|x64.Build.0 = Debug|x64
		{AD2C381D-E572-4AD3-82F8-C1BE74E5BD8B}.Release|ARM64.ActiveCfg = Release|x64
		{AD2C381D-E572-4AD3-82F8-C1BE74E5BD8B}.Release|ARM64.Build.0 = Release|x64
		{AD2C381D-E572-4AD3-82F8-C1BE74E5BD8B}.Release|x64.ActiveCfg = Release|x64
		{AD2C381D-E572-4AD3-82F8-C1BE74E5BD8B}.Release|x64.Build.0 = Release|x64
	EndGlobalSection
	GlobalSection(SolutionProperties) = preSolution
		HideSolutionNode = FALSE
	EndGlobalSection
	GlobalSection(NestedProjects) = preSolution
		{CDA2D474-C960-4F31-995F-24C859BF53F9} = {02EA681E-C7D8-13C7-8484-4AC65E1B71E8}
		{40138232-6BA4-4E0C-B7B2-E85740CC4686} = {02EA681E-C7D8-13C7-8484-4AC65E1B71E8}
		{2E687633-DF16-46AC-A0A3-FBE0DE4131BE} = {02EA681E-C7D8-13C7-8484-4AC65E1B71E8}
		{70954332-86A0-42A6-ADD7-19FC3EA71DDF} = {02EA681E-C7D8-13C7-8484-4AC65E1B71E8}
		{9F9DE14F-BFC7-4AF5-A050-0BADCCDA5326} = {02EA681E-C7D8-13C7-8484-4AC65E1B71E8}
		{A6C6E437-8A44-652E-420D-23C078FFEDD9} = {CDA2D474-C960-4F31-995F-24C859BF53F9}
		{AD2C381D-E572-4AD3-82F8-C1BE74E5BD8B} = {40138232-6BA4-4E0C-B7B2-E85740CC4686}
	EndGlobalSection
	GlobalSection(ExtensibilityGlobals) = postSolution
		SolutionGuid = {C60A9B10-9265-4889-A376-D2C1C98E7742}
	EndGlobalSection
EndGlobal
