<?xml version="1.0" encoding="utf-8"?>
<Project ToolsVersion="4.0" xmlns="http://schemas.microsoft.com/developer/msbuild/2003">
  <ItemGroup>
    <Filter Include="Source Files">
      <UniqueIdentifier>{4FC737F1-C7A5-4376-A066-2A32D752A2FF}</UniqueIdentifier>
      <Extensions>cpp;c;cc;cxx;c++;cppm;ixx;def;odl;idl;hpj;bat;asm;asmx</Extensions>
    </Filter>
    <Filter Include="Header Files">
      <UniqueIdentifier>{93995380-89BD-4b04-88EB-625FBE52EBFB}</UniqueIdentifier>
      <Extensions>h;hh;hpp;hxx;h++;hm;inl;inc;ipp;xsd</Extensions>
    </Filter>
    <Filter Include="Resource Files">
      <UniqueIdentifier>{67DA6AB6-F800-4c08-8B7A-83BB121AAD01}</UniqueIdentifier>
      <Extensions>rc;ico;cur;bmp;dlg;rc2;rct;bin;rgs;gif;jpg;jpeg;jpe;resx;tiff;tif;png;wav;mfcribbon-ms</Extensions>
    </Filter>
    <Filter Include="Source Files\agent">
      <UniqueIdentifier>{bad0bd7e-3618-4311-8d08-8619ae440a1c}</UniqueIdentifier>
    </Filter>
    <Filter Include="Source Files\services">
      <UniqueIdentifier>{bc094975-5e3a-4020-8766-f0fccd9d4bf4}</UniqueIdentifier>
    </Filter>
    <Filter Include="Source Files\managers">
      <UniqueIdentifier>{c493d702-c481-4f9c-883e-73ad347d9538}</UniqueIdentifier>
    </Filter>
    <Filter Include="Source Files\utils">
      <UniqueIdentifier>{eed45c8e-867a-45ee-a284-5cc6e3377f6a}</UniqueIdentifier>
    </Filter>
    <Filter Include="Source Files\events">
      <UniqueIdentifier>{ead27f43-09c2-43c9-a112-52d5269c4251}</UniqueIdentifier>
    </Filter>
    <Filter Include="Source Files\modules">
      <UniqueIdentifier>{5b7646f2-4ad8-4e05-918c-ca14c6ca68e5}</UniqueIdentifier>
    </Filter>
    <Filter Include="Source Files\commons">
      <UniqueIdentifier>{ac86abf7-f5ce-41c5-a188-48f6b53f49c6}</UniqueIdentifier>
    </Filter>
    <Filter Include="Source Files\modules\security_modules">
      <UniqueIdentifier>{99b3065e-10c0-4486-bd9f-6748c522f68b}</UniqueIdentifier>
    </Filter>
  </ItemGroup>
  <ItemGroup>
    <ClCompile Include="src\agent\Agent.cpp">
      <Filter>Source Files\agent</Filter>
    </ClCompile>
    <ClCompile Include="src\main.cpp">
      <Filter>Source Files</Filter>
    </ClCompile>
    <ClCompile Include="src\commons\Logger.cpp">
      <Filter>Source Files\commons</Filter>
    </ClCompile>
    <ClCompile Include="src\events\SecurityEvent.cpp">
      <Filter>Source Files\events</Filter>
    </ClCompile>
    <ClCompile Include="src\managers\ConfigurationManager.cpp">
      <Filter>Source Files\managers</Filter>
    </ClCompile>
    <ClCompile Include="src\managers\ServiceManager.cpp">
      <Filter>Source Files\managers</Filter>
    </ClCompile>
    <ClCompile Include="src\modules\security_modules\VerdictDbModule.cpp">
      <Filter>Source Files\modules\security_modules</Filter>
    </ClCompile>
    <ClCompile Include="src\modules\security_modules\YaraModule.cpp">
      <Filter>Source Files\modules\security_modules</Filter>
    </ClCompile>
    <ClCompile Include="src\services\AntiMalwareService.cpp">
      <Filter>Source Files\services</Filter>
    </ClCompile>
    <ClCompile Include="src\services\EventPersistenceService.cpp">
      <Filter>Source Files\services</Filter>
    </ClCompile>
    <ClCompile Include="src\services\FilesystemMonitorService.cpp">
      <Filter>Source Files\services</Filter>
    </ClCompile>
    <ClCompile Include="src\services\ProcessMonitorService.cpp">
      <Filter>Source Files\services</Filter>
    </ClCompile>
    <ClCompile Include="src\services\SecurityEventService.cpp">
      <Filter>Source Files\services</Filter>
    </ClCompile>
    <ClCompile Include="src\services\VerdictDbService.cpp">
      <Filter>Source Files\services</Filter>
    </ClCompile>
    <ClCompile Include="src\utils\AlertWindow.cpp">
      <Filter>Source Files\utils</Filter>
    </ClCompile>
    <ClCompile Include="src\utils\FilesystemUtils.cpp">
      <Filter>Source Files\utils</Filter>
    </ClCompile>
    <ClCompile Include="src\utils\StringUtil.cpp">
      <Filter>Source Files\utils</Filter>
    </ClCompile>
  </ItemGroup>
  <ItemGroup>
    <ClInclude Include="src\agent\Agent.h">
      <Filter>Source Files\agent</Filter>
    </ClInclude>
    <ClInclude Include="src\commons\SharedCommons.h">
      <Filter>Source Files\commons</Filter>
    </ClInclude>
    <ClInclude Include="src\modules\security_modules\ISecurityModule.h">
      <Filter>Source Files\modules\security_modules</Filter>
    </ClInclude>
    <ClInclude Include="src\services\IService.h">
      <Filter>Source Files\services</Filter>
    </ClInclude>
    <ClInclude Include="src\commons\Logger.h">
      <Filter>Source Files\commons</Filter>
    </ClInclude>
    <ClInclude Include="src\events\SecurityEvent.h">
      <Filter>Source Files\events</Filter>
    </ClInclude>
    <ClInclude Include="src\managers\ConfigurationManager.h">
      <Filter>Source Files\managers</Filter>
    </ClInclude>
    <ClInclude Include="src\managers\ServiceManager.h">
      <Filter>Source Files\managers</Filter>
    </ClInclude>
    <ClInclude Include="src\modules\security_modules\VerdictDbModule.h">
      <Filter>Source Files\modules\security_modules</Filter>
    </ClInclude>
    <ClInclude Include="src\modules\security_modules\YaraModule.h">
      <Filter>Source Files\modules\security_modules</Filter>
    </ClInclude>
    <ClInclude Include="src\services\AntiMalwareService.h">
      <Filter>Source Files\services</Filter>
    </ClInclude>
    <ClInclude Include="src\services\EventPersistenceService.h">
      <Filter>Source Files\services</Filter>
    </ClInclude>
    <ClInclude Include="src\services\FilesystemMonitorService.h">
      <Filter>Source Files\services</Filter>
    </ClInclude>
    <ClInclude Include="src\services\ProcessMonitorService.h">
      <Filter>Source Files\services</Filter>
    </ClInclude>
    <ClInclude Include="src\services\SecurityEventService.h">
      <Filter>Source Files\services</Filter>
    </ClInclude>
    <ClInclude Include="src\services\VerdictDbService.h">
      <Filter>Source Files\services</Filter>
    </ClInclude>
    <ClInclude Include="src\utils\AlertWindow.h">
      <Filter>Source Files\utils</Filter>
    </ClInclude>
    <ClInclude Include="src\utils\FilesystemUtils.h">
      <Filter>Source Files\utils</Filter>
    </ClInclude>
    <ClInclude Include="src\utils\StringUtil.h">
      <Filter>Source Files\utils</Filter>
    </ClInclude>
  </ItemGroup>
  <ItemGroup>
    <None Include="anubis_config.ini" />
  </ItemGroup>
</Project>